{
  "projects": [
    {
      "projectId": "3tzMpJm6XNAEc8PSE2554T",
      "version": "latest",
      "dependencies": {},
      "lang": "ts",
      "fileLocks": [
        {
          "type": "globalVariant",
          "assetId": "RFuzxEronnaC",
          "checksum": "5c424b6ea0fbdda57d22167b8c0d67b7"
        },
        {
          "type": "renderModule",
          "assetId": "K7MSRE90jOC5",
          "checksum": "d2f1086949a93a097462c8c00660d8e2"
        },
        {
          "type": "cssRules",
          "assetId": "K7MSRE90jOC5",
          "checksum": "d2f1086949a93a097462c8c00660d8e2"
        },
        {
          "assetId": "3tzMpJm6XNAEc8PSE2554T",
          "type": "projectCss",
          "checksum": "33643a1e92d64b172e74ab904aa07cd7"
        }
      ],
      "codegenVersion": "0.0.1"
    }
  ],
  "cliVersion": "0.1.329"
}
