{
  "projects": [
    {
      "projectId": "3tzMpJm6XNAEc8PSE2554T",
      "version": "latest",
      "dependencies": {},
      "lang": "ts",
      "fileLocks": [
        {
          "type": "globalVariant",
          "assetId": "RFuzxEronnaC",
          "checksum": "5c424b6ea0fbdda57d22167b8c0d67b7"
        },
        {
          "type": "renderModule",
          "assetId": "K7MSRE90jOC5",
          "checksum": "289dac8d750cecf3a244749c7d010f46"
        },
        {
          "type": "cssRules",
          "assetId": "K7MSRE90jOC5",
          "checksum": "289dac8d750cecf3a244749c7d010f46"
        },
        {
          "type": "globalVariant",
          "assetId": "LulP9vjpN0to",
          "checksum": "b93cfb6df85b5221e38f1a626d1cb0d6"
        },
        {
          "assetId": "3tzMpJm6XNAEc8PSE2554T",
          "type": "projectCss",
          "checksum": "37cc143b0ed203dc952792c87292b83d"
        },
        {
          "type": "renderModule",
          "assetId": "MWDCiKKFklmB",
          "checksum": "2be45eaff682ae1d803bea02de1c119f"
        },
        {
          "type": "cssRules",
          "assetId": "MWDCiKKFklmB",
          "checksum": "2be45eaff682ae1d803bea02de1c119f"
        },
        {
          "type": "renderModule",
          "assetId": "w0j6EBn_PmEA",
          "checksum": "785b0d87647dfc91531a1ff0fd4b5060"
        },
        {
          "type": "cssRules",
          "assetId": "w0j6EBn_PmEA",
          "checksum": "785b0d87647dfc91531a1ff0fd4b5060"
        },
        {
          "type": "renderModule",
          "assetId": "WOYhHz75e0Of",
          "checksum": "bbd0602cac86459d92d986e39159a9d7"
        },
        {
          "type": "cssRules",
          "assetId": "WOYhHz75e0Of",
          "checksum": "bbd0602cac86459d92d986e39159a9d7"
        },
        {
          "type": "renderModule",
          "assetId": "iMUlEAuTPQf8",
          "checksum": "399305b8d41f968efc685b75c07bfd2f"
        },
        {
          "type": "cssRules",
          "assetId": "iMUlEAuTPQf8",
          "checksum": "399305b8d41f968efc685b75c07bfd2f"
        },
        {
          "type": "renderModule",
          "assetId": "CEK8xiV_bHpe",
          "checksum": "c21723b59e19dfb78b58de5ca4ab99ca"
        },
        {
          "type": "cssRules",
          "assetId": "CEK8xiV_bHpe",
          "checksum": "c21723b59e19dfb78b58de5ca4ab99ca"
        },
        {
          "type": "renderModule",
          "assetId": "Vl_GkNzZTYec",
          "checksum": "a6575ebe209b22f22d1a196f5709b1e9"
        },
        {
          "type": "cssRules",
          "assetId": "Vl_GkNzZTYec",
          "checksum": "a6575ebe209b22f22d1a196f5709b1e9"
        },
        {
          "type": "renderModule",
          "assetId": "NVPq-3SR60hB",
          "checksum": "cce8747d5bff7aa48b2b0c3152362068"
        },
        {
          "type": "cssRules",
          "assetId": "NVPq-3SR60hB",
          "checksum": "cce8747d5bff7aa48b2b0c3152362068"
        },
        {
          "type": "renderModule",
          "assetId": "2Uo0jVIO67fS",
          "checksum": "716c629d9177a87753d73309f698f88d"
        },
        {
          "type": "cssRules",
          "assetId": "2Uo0jVIO67fS",
          "checksum": "716c629d9177a87753d73309f698f88d"
        },
        {
          "type": "renderModule",
          "assetId": "0cGnQaHwOkjt",
          "checksum": "236d993357ba22dfec96e3ad90498a59"
        },
        {
          "type": "cssRules",
          "assetId": "0cGnQaHwOkjt",
          "checksum": "236d993357ba22dfec96e3ad90498a59"
        },
        {
          "type": "renderModule",
          "assetId": "zW9z8KzRZ1s2",
          "checksum": "309eb0de7c8d69b2bbc6d309e9f6deaf"
        },
        {
          "type": "cssRules",
          "assetId": "zW9z8KzRZ1s2",
          "checksum": "309eb0de7c8d69b2bbc6d309e9f6deaf"
        },
        {
          "type": "renderModule",
          "assetId": "IYdko1MsEB-H",
          "checksum": "fdc8e8748d3780f8142a456b2abfbbf0"
        },
        {
          "type": "cssRules",
          "assetId": "IYdko1MsEB-H",
          "checksum": "fdc8e8748d3780f8142a456b2abfbbf0"
        },
        {
          "type": "icon",
          "assetId": "POKnJ6xHkfGt",
          "checksum": "e87d0f5f1b9af3e673daa9ec375ebf65"
        },
        {
          "type": "icon",
          "assetId": "P9yPihjPBeqh",
          "checksum": "fdc63c0001f8b1d7a3601be2cb150724"
        },
        {
          "type": "icon",
          "assetId": "aGmtqHxsE_0Z",
          "checksum": "b9b7763bd63c4acb49ba1822807c3288"
        },
        {
          "type": "icon",
          "assetId": "6vD4hLlASdqK",
          "checksum": "6c038b7f6bdb34a564458ee11a74779f"
        },
        {
          "type": "icon",
          "assetId": "TZQzInB13LiC",
          "checksum": "0e79b499c6d18790546250c1c4c95ffa"
        },
        {
          "type": "icon",
          "assetId": "3dOf01m9zzm_",
          "checksum": "ca4db4364ddbd6c07a6191a85fa4e4c5"
        },
        {
          "type": "image",
          "assetId": "cVEP4V10CsyW",
          "checksum": "507af1d0a7d676aa530f9623dfcc7dd9"
        }
      ],
      "codegenVersion": "0.0.1"
    }
  ],
  "cliVersion": "0.1.329"
}
