{
  "projects": [
    {
      "projectId": "3tzMpJm6XNAEc8PSE2554T",
      "version": "latest",
      "dependencies": {},
      "lang": "ts",
      "fileLocks": [
        {
          "type": "globalVariant",
          "assetId": "RFuzxEronnaC",
          "checksum": "5c424b6ea0fbdda57d22167b8c0d67b7"
        },
        {
          "type": "renderModule",
          "assetId": "K7MSRE90jOC5",
          "checksum": "d84b830de317c002fa4c98afe5aed0f2"
        },
        {
          "type": "cssRules",
          "assetId": "K7MSRE90jOC5",
          "checksum": "d84b830de317c002fa4c98afe5aed0f2"
        },
        {
          "type": "renderModule",
          "assetId": "MWDCiKKFklmB",
          "checksum": "7beb7bfcdffd2e671dda1f874900ceb2"
        },
        {
          "type": "cssRules",
          "assetId": "MWDCiKKFklmB",
          "checksum": "7beb7bfcdffd2e671dda1f874900ceb2"
        },
        {
          "type": "renderModule",
          "assetId": "w0j6EBn_PmEA",
          "checksum": "c138004cc716a093b7344978fa9a7bb4"
        },
        {
          "type": "cssRules",
          "assetId": "w0j6EBn_PmEA",
          "checksum": "c138004cc716a093b7344978fa9a7bb4"
        },
        {
          "type": "renderModule",
          "assetId": "WOYhHz75e0Of",
          "checksum": "70e16658486073ffbdcd158c3c1c8346"
        },
        {
          "type": "cssRules",
          "assetId": "WOYhHz75e0Of",
          "checksum": "70e16658486073ffbdcd158c3c1c8346"
        },
        {
          "type": "renderModule",
          "assetId": "iMUlEAuTPQf8",
          "checksum": "67712eeae5d3485ebfa363df8a0d26f0"
        },
        {
          "type": "cssRules",
          "assetId": "iMUlEAuTPQf8",
          "checksum": "67712eeae5d3485ebfa363df8a0d26f0"
        },
        {
          "type": "renderModule",
          "assetId": "CEK8xiV_bHpe",
          "checksum": "060e2c6f532d75211cd08223d0858277"
        },
        {
          "type": "cssRules",
          "assetId": "CEK8xiV_bHpe",
          "checksum": "060e2c6f532d75211cd08223d0858277"
        },
        {
          "type": "renderModule",
          "assetId": "Vl_GkNzZTYec",
          "checksum": "22612ef077a9347ee646dd8b77f8961b"
        },
        {
          "type": "cssRules",
          "assetId": "Vl_GkNzZTYec",
          "checksum": "22612ef077a9347ee646dd8b77f8961b"
        },
        {
          "type": "renderModule",
          "assetId": "NVPq-3SR60hB",
          "checksum": "44f7dd00b870599b7716b1b06775322a"
        },
        {
          "type": "cssRules",
          "assetId": "NVPq-3SR60hB",
          "checksum": "44f7dd00b870599b7716b1b06775322a"
        },
        {
          "type": "renderModule",
          "assetId": "2Uo0jVIO67fS",
          "checksum": "abe790c25eeefd6e0e2b39624847708b"
        },
        {
          "type": "cssRules",
          "assetId": "2Uo0jVIO67fS",
          "checksum": "abe790c25eeefd6e0e2b39624847708b"
        },
        {
          "type": "renderModule",
          "assetId": "0cGnQaHwOkjt",
          "checksum": "de6c928e91afc301c5c367933c7eb28b"
        },
        {
          "type": "cssRules",
          "assetId": "0cGnQaHwOkjt",
          "checksum": "de6c928e91afc301c5c367933c7eb28b"
        },
        {
          "type": "renderModule",
          "assetId": "zW9z8KzRZ1s2",
          "checksum": "49d8f4d7ef75ab136e632a9a4ba5474e"
        },
        {
          "type": "cssRules",
          "assetId": "zW9z8KzRZ1s2",
          "checksum": "49d8f4d7ef75ab136e632a9a4ba5474e"
        },
        {
          "type": "renderModule",
          "assetId": "IYdko1MsEB-H",
          "checksum": "411b1b9b52315a064ff8a03b9a4e71c1"
        },
        {
          "type": "cssRules",
          "assetId": "IYdko1MsEB-H",
          "checksum": "411b1b9b52315a064ff8a03b9a4e71c1"
        },
        {
          "type": "icon",
          "assetId": "POKnJ6xHkfGt",
          "checksum": "e87d0f5f1b9af3e673daa9ec375ebf65"
        },
        {
          "type": "icon",
          "assetId": "P9yPihjPBeqh",
          "checksum": "fdc63c0001f8b1d7a3601be2cb150724"
        },
        {
          "type": "icon",
          "assetId": "aGmtqHxsE_0Z",
          "checksum": "b9b7763bd63c4acb49ba1822807c3288"
        },
        {
          "type": "icon",
          "assetId": "6vD4hLlASdqK",
          "checksum": "6c038b7f6bdb34a564458ee11a74779f"
        },
        {
          "type": "icon",
          "assetId": "TZQzInB13LiC",
          "checksum": "0e79b499c6d18790546250c1c4c95ffa"
        },
        {
          "type": "icon",
          "assetId": "3dOf01m9zzm_",
          "checksum": "ca4db4364ddbd6c07a6191a85fa4e4c5"
        },
        {
          "type": "image",
          "assetId": "cVEP4V10CsyW",
          "checksum": "507af1d0a7d676aa530f9623dfcc7dd9"
        },
        {
          "assetId": "3tzMpJm6XNAEc8PSE2554T",
          "type": "projectCss",
          "checksum": "4f92efae9833e1201ac7cfa0e10bb8eb"
        }
      ],
      "codegenVersion": "0.0.1"
    }
  ],
  "cliVersion": "0.1.329"
}
